
Microsoft Visual Studio Solution File, Format Version 12.00
# Visual Studio 2015
Project("{FAE04EC0-301F-11D3-BF4B-00C04F79EFBC}") = "theCardAge - project.CSharp.Plugins", "theCardAge - project.CSharp.Plugins.csproj", "{1382C37C-1A40-AC36-67A5-DC1BE14F29E9}"
EndProject
Project("{FAE04EC0-301F-11D3-BF4B-00C04F79EFBC}") = "theCardAge - project.CSharp", "theCardAge - project.CSharp.csproj", "{F93065C4-649C-AC2C-8600-2583F3BDB065}"
EndProject
Project("{FAE04EC0-301F-11D3-BF4B-00C04F79EFBC}") = "theCardAge - project.CSharp.Editor", "theCardAge - project.CSharp.Editor.csproj", "{D9DEE942-A192-FB29-FA41-B562E43F7538}"
EndProject
Global
	GlobalSection(SolutionConfigurationPlatforms) = preSolution
		Debug|Any CPU = Debug|Any CPU
		Release|Any CPU = Release|Any CPU
	EndGlobalSection
	GlobalSection(ProjectConfigurationPlatforms) = postSolution
		{1382C37C-1A40-AC36-67A5-DC1BE14F29E9}.Debug|Any CPU.ActiveCfg = Debug|Any CPU
		{1382C37C-1A40-AC36-67A5-DC1BE14F29E9}.Debug|Any CPU.Build.0 = Debug|Any CPU
		{1382C37C-1A40-AC36-67A5-DC1BE14F29E9}.Release|Any CPU.ActiveCfg = Release|Any CPU
		{1382C37C-1A40-AC36-67A5-DC1BE14F29E9}.Release|Any CPU.Build.0 = Release|Any CPU
		{F93065C4-649C-AC2C-8600-2583F3BDB065}.Debug|Any CPU.ActiveCfg = Debug|Any CPU
		{F93065C4-649C-AC2C-8600-2583F3BDB065}.Debug|Any CPU.Build.0 = Debug|Any CPU
		{F93065C4-649C-AC2C-8600-2583F3BDB065}.Release|Any CPU.ActiveCfg = Release|Any CPU
		{F93065C4-649C-AC2C-8600-2583F3BDB065}.Release|Any CPU.Build.0 = Release|Any CPU
		{D9DEE942-A192-FB29-FA41-B562E43F7538}.Debug|Any CPU.ActiveCfg = Debug|Any CPU
		{D9DEE942-A192-FB29-FA41-B562E43F7538}.Debug|Any CPU.Build.0 = Debug|Any CPU
		{D9DEE942-A192-FB29-FA41-B562E43F7538}.Release|Any CPU.ActiveCfg = Release|Any CPU
		{D9DEE942-A192-FB29-FA41-B562E43F7538}.Release|Any CPU.Build.0 = Release|Any CPU
	EndGlobalSection
	GlobalSection(SolutionProperties) = preSolution
		HideSolutionNode = FALSE
	EndGlobalSection
EndGlobal
